
Microsoft Visual Studio Solution File, Format Version 12.00
# Visual Studio 15
VisualStudioVersion = 15.0.28307.421
MinimumVisualStudioVersion = 10.0.40219.1
Project("{FAE04EC0-301F-11D3-BF4B-00C04F79EFBC}") = "FF9", "FF9\FF9.csproj", "{AB0C947B-0ADD-480E-862C-6C977789DA4E}"
EndProject
Global
	GlobalSection(SolutionConfigurationPlatforms) = preSolution
		Debug|Any CPU = Debug|Any CPU
		Release|Any CPU = Release|Any CPU
	EndGlobalSection
	GlobalSection(ProjectConfigurationPlatforms) = postSolution
		{AB0C947B-0ADD-480E-862C-6C977789DA4E}.Debug|Any CPU.ActiveCfg = Debug|Any CPU
		{AB0C947B-0ADD-480E-862C-6C977789DA4E}.Debug|Any CPU.Build.0 = Debug|Any CPU
		{AB0C947B-0ADD-480E-862C-6C977789DA4E}.Release|Any CPU.ActiveCfg = Release|Any CPU
		{AB0C947B-0ADD-480E-862C-6C977789DA4E}.Release|Any CPU.Build.0 = Release|Any CPU
	EndGlobalSection
	GlobalSection(SolutionProperties) = preSolution
		HideSolutionNode = FALSE
	EndGlobalSection
	GlobalSection(ExtensibilityGlobals) = postSolution
		SolutionGuid = {72DDD6FE-CFE8-4387-B46C-6ECC8250AD81}
	EndGlobalSection
EndGlobal
